schema: '2.0'
stages:
  data_ingestion:
    cmd: python src/data/data_ingestion.py
    deps:
    - path: src/data/data_ingestion.py
      hash: md5
      md5: e47741da8f5c626cb51faa4eae4b511d
      size: 4373
    params:
      params.yaml:
        data_ingestion.test_size: 0.2
    outs:
    - path: data/raw
      hash: md5
      md5: b558868568c58d07b21917adba43f4c6.dir
      size: 887224
      nfiles: 2
  data_preprocessing:
    cmd: python src/data/data_preprocessing.py
    deps:
    - path: data/raw
      hash: md5
      md5: b558868568c58d07b21917adba43f4c6.dir
      size: 887224
      nfiles: 2
    - path: src/data/data_preprocessing.py
      hash: md5
      md5: bc247dfa70b08fe250ff856adb36ff4a
      size: 2431
    outs:
    - path: data/processed
      hash: md5
      md5: 27d72ad485f2a52a0c9b5375e121c81f.dir
      size: 681556
      nfiles: 2
  feature_engineering:
    cmd: python src/features/feature_engineering.py
    deps:
    - path: data/processed
      hash: md5
      md5: 27d72ad485f2a52a0c9b5375e121c81f.dir
      size: 681556
      nfiles: 2
    - path: src/features/feature_engineering.py
      hash: md5
      md5: 9be9f9f793d7ff2285100129fb5172f5
      size: 1344
    params:
      params.yaml:
        feature_engineering.max_features: 50
    outs:
    - path: data/features
      hash: md5
      md5: 3c3e10ec778b89b254e22a0cfc8fb378.dir
      size: 1118468
      nfiles: 2
  model_building:
    cmd: python src/models/model_building.py
    deps:
    - path: data/features
      hash: md5
      md5: 3c3e10ec778b89b254e22a0cfc8fb378.dir
      size: 1118468
      nfiles: 2
    - path: src/models/model_building.py
      hash: md5
      md5: 450e6ac8f134fea8c28ac589ea74d8ae
      size: 624
    params:
      params.yaml:
        model_building.learning_rate: 0.1
        model_building.n_estimators: 10
    outs:
    - path: models/model.pkl
      hash: md5
      md5: bf0d71de6d86c78bb81b8739a4da24ee
      size: 20646
  model_evaluation:
    cmd: python src/models/model_evaluation.py
    deps:
    - path: models/model.pkl
      hash: md5
      md5: bf0d71de6d86c78bb81b8739a4da24ee
      size: 20646
    - path: src/models/model_evaluation.py
      hash: md5
      md5: 08b695ef34369042ef7b9deb2182713d
      size: 855
    outs:
    - path: metrics.json
      hash: md5
      md5: b766cf48599ee8a925f99ffcd1ccd4e0
      size: 145
